# This file is generated by running "yarn install" inside your project.
# Manual changes might be lost - proceed with caution!

__metadata:
  version: 8
  cacheKey: 10c0

"@esbuild/aix-ppc64@npm:0.24.0":
  version: 0.24.0
  resolution: "@esbuild/aix-ppc64@npm:0.24.0"
  conditions: os=aix & cpu=ppc64
  languageName: node
  linkType: hard

"@esbuild/android-arm64@npm:0.24.0":
  version: 0.24.0
  resolution: "@esbuild/android-arm64@npm:0.24.0"
  conditions: os=android & cpu=arm64
  languageName: node
  linkType: hard

"@esbuild/android-arm@npm:0.24.0":
  version: 0.24.0
  resolution: "@esbuild/android-arm@npm:0.24.0"
  conditions: os=android & cpu=arm
  languageName: node
  linkType: hard

"@esbuild/android-x64@npm:0.24.0":
  version: 0.24.0
  resolution: "@esbuild/android-x64@npm:0.24.0"
  conditions: os=android & cpu=x64
  languageName: node
  linkType: hard

"@esbuild/darwin-arm64@npm:0.24.0":
  version: 0.24.0
  resolution: "@esbuild/darwin-arm64@npm:0.24.0"
  conditions: os=darwin & cpu=arm64
  languageName: node
  linkType: hard

"@esbuild/darwin-x64@npm:0.24.0":
  version: 0.24.0
  resolution: "@esbuild/darwin-x64@npm:0.24.0"
  conditions: os=darwin & cpu=x64
  languageName: node
  linkType: hard

"@esbuild/freebsd-arm64@npm:0.24.0":
  version: 0.24.0
  resolution: "@esbuild/freebsd-arm64@npm:0.24.0"
  conditions: os=freebsd & cpu=arm64
  languageName: node
  linkType: hard

"@esbuild/freebsd-x64@npm:0.24.0":
  version: 0.24.0
  resolution: "@esbuild/freebsd-x64@npm:0.24.0"
  conditions: os=freebsd & cpu=x64
  languageName: node
  linkType: hard

"@esbuild/linux-arm64@npm:0.24.0":
  version: 0.24.0
  resolution: "@esbuild/linux-arm64@npm:0.24.0"
  conditions: os=linux & cpu=arm64
  languageName: node
  linkType: hard

"@esbuild/linux-arm@npm:0.24.0":
  version: 0.24.0
  resolution: "@esbuild/linux-arm@npm:0.24.0"
  conditions: os=linux & cpu=arm
  languageName: node
  linkType: hard

"@esbuild/linux-ia32@npm:0.24.0":
  version: 0.24.0
  resolution: "@esbuild/linux-ia32@npm:0.24.0"
  conditions: os=linux & cpu=ia32
  languageName: node
  linkType: hard

"@esbuild/linux-loong64@npm:0.24.0":
  version: 0.24.0
  resolution: "@esbuild/linux-loong64@npm:0.24.0"
  conditions: os=linux & cpu=loong64
  languageName: node
  linkType: hard

"@esbuild/linux-mips64el@npm:0.24.0":
  version: 0.24.0
  resolution: "@esbuild/linux-mips64el@npm:0.24.0"
  conditions: os=linux & cpu=mips64el
  languageName: node
  linkType: hard

"@esbuild/linux-ppc64@npm:0.24.0":
  version: 0.24.0
  resolution: "@esbuild/linux-ppc64@npm:0.24.0"
  conditions: os=linux & cpu=ppc64
  languageName: node
  linkType: hard

"@esbuild/linux-riscv64@npm:0.24.0":
  version: 0.24.0
  resolution: "@esbuild/linux-riscv64@npm:0.24.0"
  conditions: os=linux & cpu=riscv64
  languageName: node
  linkType: hard

"@esbuild/linux-s390x@npm:0.24.0":
  version: 0.24.0
  resolution: "@esbuild/linux-s390x@npm:0.24.0"
  conditions: os=linux & cpu=s390x
  languageName: node
  linkType: hard

"@esbuild/linux-x64@npm:0.24.0":
  version: 0.24.0
  resolution: "@esbuild/linux-x64@npm:0.24.0"
  conditions: os=linux & cpu=x64
  languageName: node
  linkType: hard

"@esbuild/netbsd-x64@npm:0.24.0":
  version: 0.24.0
  resolution: "@esbuild/netbsd-x64@npm:0.24.0"
  conditions: os=netbsd & cpu=x64
  languageName: node
  linkType: hard

"@esbuild/openbsd-arm64@npm:0.24.0":
  version: 0.24.0
  resolution: "@esbuild/openbsd-arm64@npm:0.24.0"
  conditions: os=openbsd & cpu=arm64
  languageName: node
  linkType: hard

"@esbuild/openbsd-x64@npm:0.24.0":
  version: 0.24.0
  resolution: "@esbuild/openbsd-x64@npm:0.24.0"
  conditions: os=openbsd & cpu=x64
  languageName: node
  linkType: hard

"@esbuild/sunos-x64@npm:0.24.0":
  version: 0.24.0
  resolution: "@esbuild/sunos-x64@npm:0.24.0"
  conditions: os=sunos & cpu=x64
  languageName: node
  linkType: hard

"@esbuild/win32-arm64@npm:0.24.0":
  version: 0.24.0
  resolution: "@esbuild/win32-arm64@npm:0.24.0"
  conditions: os=win32 & cpu=arm64
  languageName: node
  linkType: hard

"@esbuild/win32-ia32@npm:0.24.0":
  version: 0.24.0
  resolution: "@esbuild/win32-ia32@npm:0.24.0"
  conditions: os=win32 & cpu=ia32
  languageName: node
  linkType: hard

"@esbuild/win32-x64@npm:0.24.0":
  version: 0.24.0
  resolution: "@esbuild/win32-x64@npm:0.24.0"
  conditions: os=win32 & cpu=x64
  languageName: node
  linkType: hard

"@hotwired/stimulus@npm:3.2.2":
  version: 3.2.2
  resolution: "@hotwired/stimulus@npm:3.2.2"
  checksum: 10c0/3793919e353d28424f57d07e6b634bf6e8821c227acfa2a608aaa8bdfe7e80479acef12705168ca866f3c231399f4a939fb0cd089aaae04c406b3d885a3b35ea
  languageName: node
  linkType: hard

"@orchidjs/sifter@npm:^1.1.0":
  version: 1.1.0
  resolution: "@orchidjs/sifter@npm:1.1.0"
  dependencies:
    "@orchidjs/unicode-variants": "npm:^1.1.2"
  checksum: 10c0/615f4c8f340c062d1a944ae88d7d745353e45d14d002c6966bc02ef44aca13c904942836f9ad89cbe2b5d8fa3b885c2b00b65be8d318cabc75f440949068ed6a
  languageName: node
  linkType: hard

"@orchidjs/unicode-variants@npm:^1.1.2":
  version: 1.1.2
  resolution: "@orchidjs/unicode-variants@npm:1.1.2"
  checksum: 10c0/7836e0766641d79a0337a2a8ca7f49051bb71e19e0e8fc64cdbafac4f2f718abd368b364ad79a9b13547a70e24cebb3cc4d71e75f22791ade8ba80654eb1323f
  languageName: node
  linkType: hard

"@popperjs/core@npm:2.11.8":
  version: 2.11.8
  resolution: "@popperjs/core@npm:2.11.8"
  checksum: 10c0/4681e682abc006d25eb380d0cf3efc7557043f53b6aea7a5057d0d1e7df849a00e281cd8ea79c902a35a414d7919621fc2ba293ecec05f413598e0b23d5a1e63
  languageName: node
  linkType: hard

"bootstrap-icons@npm:1.11.3":
  version: 1.11.3
  resolution: "bootstrap-icons@npm:1.11.3"
  checksum: 10c0/37eefd418c6bbbb304bdff0f2ed527f82c3c6f331d3e3a7c4aa8bbdbaf7118bb86725b024f85e7d738c613d48c7353cd81c09e58e9d8d34c5633960fdec8410b
  languageName: node
  linkType: hard

"bootstrap@npm:5.3.3":
  version: 5.3.3
  resolution: "bootstrap@npm:5.3.3"
  peerDependencies:
    "@popperjs/core": ^2.11.8
  checksum: 10c0/bb68ca7b763977b9cce40cb5b8c676ae19a716d2f5d15009fa7bdbcec9dea426968e3cb748fbed7592fbf10edd7c749aea841c2920996a7c1aa5e0a6e2d4c2ad
  languageName: node
  linkType: hard

"esbuild@npm:0.24.0":
  version: 0.24.0
  resolution: "esbuild@npm:0.24.0"
  dependencies:
    "@esbuild/aix-ppc64": "npm:0.24.0"
    "@esbuild/android-arm": "npm:0.24.0"
    "@esbuild/android-arm64": "npm:0.24.0"
    "@esbuild/android-x64": "npm:0.24.0"
    "@esbuild/darwin-arm64": "npm:0.24.0"
    "@esbuild/darwin-x64": "npm:0.24.0"
    "@esbuild/freebsd-arm64": "npm:0.24.0"
    "@esbuild/freebsd-x64": "npm:0.24.0"
    "@esbuild/linux-arm": "npm:0.24.0"
    "@esbuild/linux-arm64": "npm:0.24.0"
    "@esbuild/linux-ia32": "npm:0.24.0"
    "@esbuild/linux-loong64": "npm:0.24.0"
    "@esbuild/linux-mips64el": "npm:0.24.0"
    "@esbuild/linux-ppc64": "npm:0.24.0"
    "@esbuild/linux-riscv64": "npm:0.24.0"
    "@esbuild/linux-s390x": "npm:0.24.0"
    "@esbuild/linux-x64": "npm:0.24.0"
    "@esbuild/netbsd-x64": "npm:0.24.0"
    "@esbuild/openbsd-arm64": "npm:0.24.0"
    "@esbuild/openbsd-x64": "npm:0.24.0"
    "@esbuild/sunos-x64": "npm:0.24.0"
    "@esbuild/win32-arm64": "npm:0.24.0"
    "@esbuild/win32-ia32": "npm:0.24.0"
    "@esbuild/win32-x64": "npm:0.24.0"
  dependenciesMeta:
    "@esbuild/aix-ppc64":
      optional: true
    "@esbuild/android-arm":
      optional: true
    "@esbuild/android-arm64":
      optional: true
    "@esbuild/android-x64":
      optional: true
    "@esbuild/darwin-arm64":
      optional: true
    "@esbuild/darwin-x64":
      optional: true
    "@esbuild/freebsd-arm64":
      optional: true
    "@esbuild/freebsd-x64":
      optional: true
    "@esbuild/linux-arm":
      optional: true
    "@esbuild/linux-arm64":
      optional: true
    "@esbuild/linux-ia32":
      optional: true
    "@esbuild/linux-loong64":
      optional: true
    "@esbuild/linux-mips64el":
      optional: true
    "@esbuild/linux-ppc64":
      optional: true
    "@esbuild/linux-riscv64":
      optional: true
    "@esbuild/linux-s390x":
      optional: true
    "@esbuild/linux-x64":
      optional: true
    "@esbuild/netbsd-x64":
      optional: true
    "@esbuild/openbsd-arm64":
      optional: true
    "@esbuild/openbsd-x64":
      optional: true
    "@esbuild/sunos-x64":
      optional: true
    "@esbuild/win32-arm64":
      optional: true
    "@esbuild/win32-ia32":
      optional: true
    "@esbuild/win32-x64":
      optional: true
  bin:
    esbuild: bin/esbuild
  checksum: 10c0/9f1aadd8d64f3bff422ae78387e66e51a5e09de6935a6f987b6e4e189ed00fdc2d1bc03d2e33633b094008529c8b6e06c7ad1a9782fb09fec223bf95998c0683
  languageName: node
  linkType: hard

"kc-tennis@workspace:.":
  version: 0.0.0-use.local
  resolution: "kc-tennis@workspace:."
  dependencies:
    "@hotwired/stimulus": "npm:3.2.2"
    "@popperjs/core": "npm:2.11.8"
    bootstrap: "npm:5.3.3"
    bootstrap-icons: "npm:1.11.3"
    esbuild: "npm:0.24.0"
    tom-select: "npm:2.4.1"
  languageName: unknown
  linkType: soft

"tom-select@npm:2.4.1":
  version: 2.4.1
  resolution: "tom-select@npm:2.4.1"
  dependencies:
    "@orchidjs/sifter": "npm:^1.1.0"
    "@orchidjs/unicode-variants": "npm:^1.1.2"
  checksum: 10c0/e12917319dc570741c40ba937ff07a212d4644d1b754ee52f284b91a261ed8cca04ae48c9ff90a13cdc9e7d1f97fa7aad389e7c55cc2be60057ffc7259c84b30
  languageName: node
  linkType: hard
